{
  "requires": true,
  "lockfileVersion": 1,
  "dependencies": {
    "@tareq9/tiny": {
      "version": "4.0.0",
      "resolved": "https://registry.npmjs.org/@tareq9/tiny/-/tiny-4.0.0.tgz",
      "integrity": "sha512-Cn6PNy+NGO7VAJ1MJmCMLs2tNITiwTrnrE37Zs675lE/vUbMu4ZkkiJRjOTJa+TB2zM3yxUMBVxJNw6TooUgPw==",
      "dependencies": {
        "@tareq9/tiny": {
          "version": "2.0.0",
          "resolved": "https://registry.npmjs.org/@tareq9/tiny/-/tiny-2.0.0.tgz",
          "integrity": "sha512-QkC29uqWsBNYPjAjagKfHm8Ojg+uj96IbJEJYMMH8rdlBilr7SxYMTytkjIoYYjPcO32Q7T69pUfC3nYOysVDA=="
        }
      }
    }
  }
}
